
Microsoft Visual Studio Solution File, Format Version 12.00
# Visual Studio 15
VisualStudioVersion = 15.0.27130.2010
MinimumVisualStudioVersion = 10.0.40219.1
Project("{FAE04EC0-301F-11D3-BF4B-00C04F79EFBC}") = "GooglePlayStoreApi", "GooglePlayStoreApi\GooglePlayStoreApi.csproj", "{489AB90C-3564-4947-BF5D-A929587331D6}"
EndProject
Project("{FAE04EC0-301F-11D3-BF4B-00C04F79EFBC}") = "Test", "Test\Test.csproj", "{0EE915AE-14B0-406F-B726-92B6BB54ACD7}"
EndProject
Global
	GlobalSection(SolutionConfigurationPlatforms) = preSolution
		Debug|Any CPU = Debug|Any CPU
		Release|Any CPU = Release|Any CPU
	EndGlobalSection
	GlobalSection(ProjectConfigurationPlatforms) = postSolution
		{489AB90C-3564-4947-BF5D-A929587331D6}.Debug|Any CPU.ActiveCfg = Debug|Any CPU
		{489AB90C-3564-4947-BF5D-A929587331D6}.Debug|Any CPU.Build.0 = Debug|Any CPU
		{489AB90C-3564-4947-BF5D-A929587331D6}.Release|Any CPU.ActiveCfg = Release|Any CPU
		{489AB90C-3564-4947-BF5D-A929587331D6}.Release|Any CPU.Build.0 = Release|Any CPU
		{0EE915AE-14B0-406F-B726-92B6BB54ACD7}.Debug|Any CPU.ActiveCfg = Debug|Any CPU
		{0EE915AE-14B0-406F-B726-92B6BB54ACD7}.Debug|Any CPU.Build.0 = Debug|Any CPU
		{0EE915AE-14B0-406F-B726-92B6BB54ACD7}.Release|Any CPU.ActiveCfg = Release|Any CPU
		{0EE915AE-14B0-406F-B726-92B6BB54ACD7}.Release|Any CPU.Build.0 = Release|Any CPU
	EndGlobalSection
	GlobalSection(SolutionProperties) = preSolution
		HideSolutionNode = FALSE
	EndGlobalSection
	GlobalSection(ExtensibilityGlobals) = postSolution
		SolutionGuid = {642E2B09-B526-4C96-8874-AB8377717A04}
	EndGlobalSection
EndGlobal
